NeoBundleLock AnsiEsc.vim d2bb7878622e4c16203acf1c92a0f4bc7ac58003
NeoBundleLock CSApprox a2958096696f9132ef0ece44b3fab93dac6df8d0
NeoBundleLock CamelCaseMotion c27b437ca0f9a270fa6a9aeb6b882e47628c053b
NeoBundleLock YouCompleteMe 96f0d94196c4cf0697938465bee2b3a30310b7b3
NeoBundleLock ag.vim c478f7973074f15bbf82c298a1678b4e23f1767a
NeoBundleLock ctrlp.vim 7d42031ffe202d7f54f124ecb6583df470156f12
NeoBundleLock limelight.vim 153e3f7b78484eb4f5d69833ebf628f44b94996d
NeoBundleLock molokai c67bdfcdb31415aa0ade7f8c003261700a885476
NeoBundleLock neobundle.vim 34bf2ca4f8184cd85b3fa017ac6de9496872515e
NeoBundleLock nerdtree dd754c7bc64f8802ab6ff660776e1dee0e0e2761
NeoBundleLock splitjoin.vim 10e756803b287169fa6296c2e071bbbfe502f0e2
NeoBundleLock syntastic cd40fe97519dc798c1b3e31eb9741d3d60fee17c
NeoBundleLock vim-airline 14d14cf951c08fc88ca6c3e6f28fe47b99421e23
NeoBundleLock vim-blockle 214a1b59c5646523624308d380b8a3aafb2c34d9
NeoBundleLock vim-bootstrap-updater 83f1e75acb63ef72f987c0fb72a9dcb3b3d76168
NeoBundleLock vim-bundler b42217a20cd4cac5a00096dc4e98d2497c21b3fe
NeoBundleLock vim-coffee-script 32fe889b8cafd3a4921ef8e6485156453ff58c42
NeoBundleLock vim-commentary e0f4850d78137a35b9461c530078bd77f39e4dce
NeoBundleLock vim-fugitive 1ecd12d523ffe031b5840316eeae1f24dd8920e4
NeoBundleLock vim-gitgutter 51d9a3f2bc2ed9a2e6e23dd0a37d0fe6d7880e5b
NeoBundleLock vim-gutentags bc37714e57597b8fa8802b07e931eb668785e1c6
NeoBundleLock vim-multiple-cursors 73a78c926ad208bd1984e575ceece276d61a1404
NeoBundleLock vim-polyglot 47a036761a0faa7771ce70d1b50d408e784ee5b8
NeoBundleLock vim-rails e25769a7f42d86b38d6ee87350ff2f6a37e68258
NeoBundleLock vim-rake 82ad45543f0d13dfa7d3f59ca4cd54d0e145417f
NeoBundleLock vim-skim 1d3a07a9e8369dfd29a9568b2cb883cbbe853855
NeoBundleLock vim-surround 2d05440ad23f97a7874ebd9b5de3a0e65d25d85c
NeoBundleLock vim-test 5520580dc0359a5f38aed90dfe168bab94390638
