NeoBundleLock AnsiEsc.vim d2bb7878622e4c16203acf1c92a0f4bc7ac58003
NeoBundleLock CamelCaseMotion f3bdefba787d3748d09d4db520403b627abac0c6
NeoBundleLock YouCompleteMe d98298ab8733b0f07b8685e007d3437ce57f088e
NeoBundleLock ag.vim c478f7973074f15bbf82c298a1678b4e23f1767a
NeoBundleLock ctrlp.vim 58247bdf8550879e183c13860eefa03983959e4a
NeoBundleLock limelight.vim 153e3f7b78484eb4f5d69833ebf628f44b94996d
NeoBundleLock molokai db8ce13b3737d3ddea8368498183d7c204a762eb
NeoBundleLock neobundle.vim e3fd0b836857a13675b3562d6dfdeff70ddbfd31
NeoBundleLock splitjoin.vim 0becb72fd545464360592bca2cb3f11dfcb8e4ab
NeoBundleLock syntastic f57cc9e84d52ba1d268f880d6e004f9ff809f201
NeoBundleLock vim-airline 14d14cf951c08fc88ca6c3e6f28fe47b99421e23
NeoBundleLock vim-atom-dark a4100f5f0b73044b055821845bb7cd107f3c928d
NeoBundleLock vim-blockle 214a1b59c5646523624308d380b8a3aafb2c34d9
NeoBundleLock vim-bundler b42217a20cd4cac5a00096dc4e98d2497c21b3fe
NeoBundleLock vim-coffee-script 32fe889b8cafd3a4921ef8e6485156453ff58c42
NeoBundleLock vim-commentary e0f4850d78137a35b9461c530078bd77f39e4dce
NeoBundleLock vim-filebeagle 5a3aa5d9815e7de9b66d4b7ac653d113baa72fc8
NeoBundleLock vim-fugitive b5188a1b4f9aabd1454f7b8dd621d467ca7ee3a7
NeoBundleLock vim-gitgutter a30ee7f23e93c827b4857d337f04c1ddf3c0c16e
NeoBundleLock vim-multiple-cursors 10df4ee5aa042376db7bed2fd7cef8373bb78294
NeoBundleLock vim-polyglot 25d2786cae095350d504d326346e3df6620ca9bf
NeoBundleLock vim-rails 2156c58437cce1a98e6f095ff4a2e1851b547b46
NeoBundleLock vim-rake 82ad45543f0d13dfa7d3f59ca4cd54d0e145417f
NeoBundleLock vim-surround 2d05440ad23f97a7874ebd9b5de3a0e65d25d85c
NeoBundleLock vim-test 21f478ed760aeb17c330de57b4a151868e662b07
